
Microsoft Visual Studio Solution File, Format Version 12.00
# Visual Studio 15
VisualStudioVersion = 15.0.28307.1209
MinimumVisualStudioVersion = 10.0.40219.1
Project("{FAE04EC0-301F-11D3-BF4B-00C04F79EFBC}") = "AutoTK", "AutoTK\AutoTK.csproj", "{C472BC28-4794-404E-960E-76263B9AF549}"
EndProject
Project("{FAE04EC0-301F-11D3-BF4B-00C04F79EFBC}") = "AutoColor", "AutoColor\AutoColor.csproj", "{FD1F5EF9-3762-4A5E-9657-6E3279ABB7B5}"
EndProject
Global
	GlobalSection(SolutionConfigurationPlatforms) = preSolution
		Debug|Any CPU = Debug|Any CPU
		Release|Any CPU = Release|Any CPU
	EndGlobalSection
	GlobalSection(ProjectConfigurationPlatforms) = postSolution
		{C472BC28-4794-404E-960E-76263B9AF549}.Debug|Any CPU.ActiveCfg = Debug|Any CPU
		{C472BC28-4794-404E-960E-76263B9AF549}.Debug|Any CPU.Build.0 = Debug|Any CPU
		{C472BC28-4794-404E-960E-76263B9AF549}.Release|Any CPU.ActiveCfg = Release|Any CPU
		{C472BC28-4794-404E-960E-76263B9AF549}.Release|Any CPU.Build.0 = Release|Any CPU
		{FD1F5EF9-3762-4A5E-9657-6E3279ABB7B5}.Debug|Any CPU.ActiveCfg = Debug|Any CPU
		{FD1F5EF9-3762-4A5E-9657-6E3279ABB7B5}.Debug|Any CPU.Build.0 = Debug|Any CPU
		{FD1F5EF9-3762-4A5E-9657-6E3279ABB7B5}.Release|Any CPU.ActiveCfg = Release|Any CPU
		{FD1F5EF9-3762-4A5E-9657-6E3279ABB7B5}.Release|Any CPU.Build.0 = Release|Any CPU
	EndGlobalSection
	GlobalSection(SolutionProperties) = preSolution
		HideSolutionNode = FALSE
	EndGlobalSection
	GlobalSection(ExtensibilityGlobals) = postSolution
		SolutionGuid = {F8A6BE23-5749-4E76-8775-DC1C0B42D02D}
	EndGlobalSection
EndGlobal
